// !$*UTF8*$!
{
	archiveVersion = 1;
	classes = {
	};
	objectVersion = 46;
	objects = {

/* Begin PBXBuildFile section */
		AD52201217392B9D00FAA2CE /* VLCoreUtilitiesLib.m in Sources */ = {isa = PBXBuildFile; fileRef = AD52201117392B9D00FAA2CE /* VLCoreUtilitiesLib.m */; };
		AD52201517392F1800FAA2CE /* VLTransformationServiceVendor.m in Sources */ = {isa = PBXBuildFile; fileRef = AD52201417392F1800FAA2CE /* VLTransformationServiceVendor.m */; };
		AD5220191739360500FAA2CE /* VLAbstractLanguageAdaptor.m in Sources */ = {isa = PBXBuildFile; fileRef = AD5220181739360500FAA2CE /* VLAbstractLanguageAdaptor.m */; };
		AD52201C1739363300FAA2CE /* VLOctaveLanguageAdaptor.m in Sources */ = {isa = PBXBuildFile; fileRef = AD52201B1739363300FAA2CE /* VLOctaveLanguageAdaptor.m */; };
		AD52201F173936CD00FAA2CE /* VLCFLMLToDataFileVendor.m in Sources */ = {isa = PBXBuildFile; fileRef = AD52201E173936CD00FAA2CE /* VLCFLMLToDataFileVendor.m */; };
		AD52202217397B3A00FAA2CE /* VLCFLMLToKineticsVendor.m in Sources */ = {isa = PBXBuildFile; fileRef = AD52202117397B3A00FAA2CE /* VLCFLMLToKineticsVendor.m */; };
		AD5220251739830900FAA2CE /* VLCFLMLToSTMVendor.m in Sources */ = {isa = PBXBuildFile; fileRef = AD5220241739830900FAA2CE /* VLCFLMLToSTMVendor.m */; };
		AD5220281739A7C100FAA2CE /* VLCFLMLToSystemStructureArraysVendor.m in Sources */ = {isa = PBXBuildFile; fileRef = AD5220271739A7C100FAA2CE /* VLCFLMLToSystemStructureArraysVendor.m */; };
		AD52202E1739A93400FAA2CE /* VLCFLMLToSignalDriverVendor.m in Sources */ = {isa = PBXBuildFile; fileRef = AD52202D1739A93400FAA2CE /* VLCFLMLToSignalDriverVendor.m */; };
		AD5220311739D39B00FAA2CE /* VLCFLMLToMappingMatrixVendor.m in Sources */ = {isa = PBXBuildFile; fileRef = AD5220301739D39B00FAA2CE /* VLCFLMLToMappingMatrixVendor.m */; };
		AD522034173A9A1400FAA2CE /* VLCFLMLToEvaluateSignalEquationsVendor.m in Sources */ = {isa = PBXBuildFile; fileRef = AD522033173A9A1400FAA2CE /* VLCFLMLToEvaluateSignalEquationsVendor.m */; };
		AD522037173AA01100FAA2CE /* VLCFMLToSimulationInputBufferVendor.m in Sources */ = {isa = PBXBuildFile; fileRef = AD522036173AA01100FAA2CE /* VLCFMLToSimulationInputBufferVendor.m */; };
		AD672D4E1739040600302515 /* Cocoa.framework in Frameworks */ = {isa = PBXBuildFile; fileRef = AD672D4D1739040600302515 /* Cocoa.framework */; };
		AD672D581739040600302515 /* InfoPlist.strings in Resources */ = {isa = PBXBuildFile; fileRef = AD672D561739040600302515 /* InfoPlist.strings */; };
		AD672D5A1739040600302515 /* main.m in Sources */ = {isa = PBXBuildFile; fileRef = AD672D591739040600302515 /* main.m */; };
		AD672D5E1739040700302515 /* Credits.rtf in Resources */ = {isa = PBXBuildFile; fileRef = AD672D5C1739040700302515 /* Credits.rtf */; };
		AD672D611739040700302515 /* VLDocument.m in Sources */ = {isa = PBXBuildFile; fileRef = AD672D601739040700302515 /* VLDocument.m */; };
		AD672D641739040700302515 /* VLDocument.xib in Resources */ = {isa = PBXBuildFile; fileRef = AD672D621739040700302515 /* VLDocument.xib */; };
		AD672D671739040700302515 /* MainMenu.xib in Resources */ = {isa = PBXBuildFile; fileRef = AD672D651739040700302515 /* MainMenu.xib */; };
		AD672D701739046E00302515 /* VLCodeGenerationFoundationServer.m in Sources */ = {isa = PBXBuildFile; fileRef = AD672D6F1739046E00302515 /* VLCodeGenerationFoundationServer.m */; };
		AD672D731739049400302515 /* VLCodeGenerationOperation.m in Sources */ = {isa = PBXBuildFile; fileRef = AD672D721739049400302515 /* VLCodeGenerationOperation.m */; };
		AD672D77173904DE00302515 /* VLBlocksAndConstanStrings.m in Sources */ = {isa = PBXBuildFile; fileRef = AD672D76173904DE00302515 /* VLBlocksAndConstanStrings.m */; };
/* End PBXBuildFile section */

/* Begin PBXFileReference section */
		AD52201017392B9D00FAA2CE /* VLCoreUtilitiesLib.h */ = {isa = PBXFileReference; fileEncoding = 4; lastKnownFileType = sourcecode.c.h; path = VLCoreUtilitiesLib.h; sourceTree = "<group>"; };
		AD52201117392B9D00FAA2CE /* VLCoreUtilitiesLib.m */ = {isa = PBXFileReference; fileEncoding = 4; lastKnownFileType = sourcecode.c.objc; path = VLCoreUtilitiesLib.m; sourceTree = "<group>"; };
		AD52201317392F1800FAA2CE /* VLTransformationServiceVendor.h */ = {isa = PBXFileReference; fileEncoding = 4; lastKnownFileType = sourcecode.c.h; path = VLTransformationServiceVendor.h; sourceTree = "<group>"; };
		AD52201417392F1800FAA2CE /* VLTransformationServiceVendor.m */ = {isa = PBXFileReference; fileEncoding = 4; lastKnownFileType = sourcecode.c.objc; path = VLTransformationServiceVendor.m; sourceTree = "<group>"; };
		AD5220171739360500FAA2CE /* VLAbstractLanguageAdaptor.h */ = {isa = PBXFileReference; fileEncoding = 4; lastKnownFileType = sourcecode.c.h; path = VLAbstractLanguageAdaptor.h; sourceTree = "<group>"; };
		AD5220181739360500FAA2CE /* VLAbstractLanguageAdaptor.m */ = {isa = PBXFileReference; fileEncoding = 4; lastKnownFileType = sourcecode.c.objc; path = VLAbstractLanguageAdaptor.m; sourceTree = "<group>"; };
		AD52201A1739363300FAA2CE /* VLOctaveLanguageAdaptor.h */ = {isa = PBXFileReference; fileEncoding = 4; lastKnownFileType = sourcecode.c.h; path = VLOctaveLanguageAdaptor.h; sourceTree = "<group>"; };
		AD52201B1739363300FAA2CE /* VLOctaveLanguageAdaptor.m */ = {isa = PBXFileReference; fileEncoding = 4; lastKnownFileType = sourcecode.c.objc; path = VLOctaveLanguageAdaptor.m; sourceTree = "<group>"; };
		AD52201D173936CD00FAA2CE /* VLCFLMLToDataFileVendor.h */ = {isa = PBXFileReference; fileEncoding = 4; lastKnownFileType = sourcecode.c.h; path = VLCFLMLToDataFileVendor.h; sourceTree = "<group>"; };
		AD52201E173936CD00FAA2CE /* VLCFLMLToDataFileVendor.m */ = {isa = PBXFileReference; fileEncoding = 4; lastKnownFileType = sourcecode.c.objc; path = VLCFLMLToDataFileVendor.m; sourceTree = "<group>"; };
		AD52202017397B3A00FAA2CE /* VLCFLMLToKineticsVendor.h */ = {isa = PBXFileReference; fileEncoding = 4; lastKnownFileType = sourcecode.c.h; path = VLCFLMLToKineticsVendor.h; sourceTree = "<group>"; };
		AD52202117397B3A00FAA2CE /* VLCFLMLToKineticsVendor.m */ = {isa = PBXFileReference; fileEncoding = 4; lastKnownFileType = sourcecode.c.objc; path = VLCFLMLToKineticsVendor.m; sourceTree = "<group>"; };
		AD5220231739830800FAA2CE /* VLCFLMLToSTMVendor.h */ = {isa = PBXFileReference; fileEncoding = 4; lastKnownFileType = sourcecode.c.h; path = VLCFLMLToSTMVendor.h; sourceTree = "<group>"; };
		AD5220241739830900FAA2CE /* VLCFLMLToSTMVendor.m */ = {isa = PBXFileReference; fileEncoding = 4; lastKnownFileType = sourcecode.c.objc; path = VLCFLMLToSTMVendor.m; sourceTree = "<group>"; };
		AD5220261739A7C100FAA2CE /* VLCFLMLToSystemStructureArraysVendor.h */ = {isa = PBXFileReference; fileEncoding = 4; lastKnownFileType = sourcecode.c.h; path = VLCFLMLToSystemStructureArraysVendor.h; sourceTree = "<group>"; };
		AD5220271739A7C100FAA2CE /* VLCFLMLToSystemStructureArraysVendor.m */ = {isa = PBXFileReference; fileEncoding = 4; lastKnownFileType = sourcecode.c.objc; path = VLCFLMLToSystemStructureArraysVendor.m; sourceTree = "<group>"; };
		AD52202C1739A93400FAA2CE /* VLCFLMLToSignalDriverVendor.h */ = {isa = PBXFileReference; fileEncoding = 4; lastKnownFileType = sourcecode.c.h; path = VLCFLMLToSignalDriverVendor.h; sourceTree = "<group>"; };
		AD52202D1739A93400FAA2CE /* VLCFLMLToSignalDriverVendor.m */ = {isa = PBXFileReference; fileEncoding = 4; lastKnownFileType = sourcecode.c.objc; path = VLCFLMLToSignalDriverVendor.m; sourceTree = "<group>"; };
		AD52202F1739D39B00FAA2CE /* VLCFLMLToMappingMatrixVendor.h */ = {isa = PBXFileReference; fileEncoding = 4; lastKnownFileType = sourcecode.c.h; path = VLCFLMLToMappingMatrixVendor.h; sourceTree = "<group>"; };
		AD5220301739D39B00FAA2CE /* VLCFLMLToMappingMatrixVendor.m */ = {isa = PBXFileReference; fileEncoding = 4; lastKnownFileType = sourcecode.c.objc; path = VLCFLMLToMappingMatrixVendor.m; sourceTree = "<group>"; };
		AD522032173A9A1300FAA2CE /* VLCFLMLToEvaluateSignalEquationsVendor.h */ = {isa = PBXFileReference; fileEncoding = 4; lastKnownFileType = sourcecode.c.h; path = VLCFLMLToEvaluateSignalEquationsVendor.h; sourceTree = "<group>"; };
		AD522033173A9A1400FAA2CE /* VLCFLMLToEvaluateSignalEquationsVendor.m */ = {isa = PBXFileReference; fileEncoding = 4; lastKnownFileType = sourcecode.c.objc; path = VLCFLMLToEvaluateSignalEquationsVendor.m; sourceTree = "<group>"; };
		AD522035173AA01000FAA2CE /* VLCFMLToSimulationInputBufferVendor.h */ = {isa = PBXFileReference; fileEncoding = 4; lastKnownFileType = sourcecode.c.h; path = VLCFMLToSimulationInputBufferVendor.h; sourceTree = "<group>"; };
		AD522036173AA01100FAA2CE /* VLCFMLToSimulationInputBufferVendor.m */ = {isa = PBXFileReference; fileEncoding = 4; lastKnownFileType = sourcecode.c.objc; path = VLCFMLToSimulationInputBufferVendor.m; sourceTree = "<group>"; };
		AD672D4A1739040600302515 /* CFLGenerator.app */ = {isa = PBXFileReference; explicitFileType = wrapper.application; includeInIndex = 0; path = CFLGenerator.app; sourceTree = BUILT_PRODUCTS_DIR; };
		AD672D4D1739040600302515 /* Cocoa.framework */ = {isa = PBXFileReference; lastKnownFileType = wrapper.framework; name = Cocoa.framework; path = System/Library/Frameworks/Cocoa.framework; sourceTree = SDKROOT; };
		AD672D501739040600302515 /* AppKit.framework */ = {isa = PBXFileReference; lastKnownFileType = wrapper.framework; name = AppKit.framework; path = System/Library/Frameworks/AppKit.framework; sourceTree = SDKROOT; };
		AD672D511739040600302515 /* CoreData.framework */ = {isa = PBXFileReference; lastKnownFileType = wrapper.framework; name = CoreData.framework; path = System/Library/Frameworks/CoreData.framework; sourceTree = SDKROOT; };
		AD672D521739040600302515 /* Foundation.framework */ = {isa = PBXFileReference; lastKnownFileType = wrapper.framework; name = Foundation.framework; path = System/Library/Frameworks/Foundation.framework; sourceTree = SDKROOT; };
		AD672D551739040600302515 /* CFLGenerator-Info.plist */ = {isa = PBXFileReference; lastKnownFileType = text.plist.xml; path = "CFLGenerator-Info.plist"; sourceTree = "<group>"; };
		AD672D571739040600302515 /* en */ = {isa = PBXFileReference; lastKnownFileType = text.plist.strings; name = en; path = en.lproj/InfoPlist.strings; sourceTree = "<group>"; };
		AD672D591739040600302515 /* main.m */ = {isa = PBXFileReference; lastKnownFileType = sourcecode.c.objc; path = main.m; sourceTree = "<group>"; };
		AD672D5B1739040600302515 /* CFLGenerator-Prefix.pch */ = {isa = PBXFileReference; lastKnownFileType = sourcecode.c.h; path = "CFLGenerator-Prefix.pch"; sourceTree = "<group>"; };
		AD672D5D1739040700302515 /* en */ = {isa = PBXFileReference; lastKnownFileType = text.rtf; name = en; path = en.lproj/Credits.rtf; sourceTree = "<group>"; };
		AD672D5F1739040700302515 /* VLDocument.h */ = {isa = PBXFileReference; lastKnownFileType = sourcecode.c.h; path = VLDocument.h; sourceTree = "<group>"; };
		AD672D601739040700302515 /* VLDocument.m */ = {isa = PBXFileReference; lastKnownFileType = sourcecode.c.objc; path = VLDocument.m; sourceTree = "<group>"; };
		AD672D631739040700302515 /* en */ = {isa = PBXFileReference; lastKnownFileType = file.xib; name = en; path = en.lproj/VLDocument.xib; sourceTree = "<group>"; };
		AD672D661739040700302515 /* en */ = {isa = PBXFileReference; lastKnownFileType = file.xib; name = en; path = en.lproj/MainMenu.xib; sourceTree = "<group>"; };
		AD672D6E1739046E00302515 /* VLCodeGenerationFoundationServer.h */ = {isa = PBXFileReference; fileEncoding = 4; lastKnownFileType = sourcecode.c.h; path = VLCodeGenerationFoundationServer.h; sourceTree = "<group>"; };
		AD672D6F1739046E00302515 /* VLCodeGenerationFoundationServer.m */ = {isa = PBXFileReference; fileEncoding = 4; lastKnownFileType = sourcecode.c.objc; path = VLCodeGenerationFoundationServer.m; sourceTree = "<group>"; };
		AD672D711739049400302515 /* VLCodeGenerationOperation.h */ = {isa = PBXFileReference; fileEncoding = 4; lastKnownFileType = sourcecode.c.h; path = VLCodeGenerationOperation.h; sourceTree = "<group>"; };
		AD672D721739049400302515 /* VLCodeGenerationOperation.m */ = {isa = PBXFileReference; fileEncoding = 4; lastKnownFileType = sourcecode.c.objc; path = VLCodeGenerationOperation.m; sourceTree = "<group>"; };
		AD672D75173904DE00302515 /* VLBlocksAndConstanStrings.h */ = {isa = PBXFileReference; fileEncoding = 4; lastKnownFileType = sourcecode.c.h; path = VLBlocksAndConstanStrings.h; sourceTree = "<group>"; };
		AD672D76173904DE00302515 /* VLBlocksAndConstanStrings.m */ = {isa = PBXFileReference; fileEncoding = 4; lastKnownFileType = sourcecode.c.objc; path = VLBlocksAndConstanStrings.m; sourceTree = "<group>"; };
/* End PBXFileReference section */

/* Begin PBXFrameworksBuildPhase section */
		AD672D471739040600302515 /* Frameworks */ = {
			isa = PBXFrameworksBuildPhase;
			buildActionMask = 2147483647;
			files = (
				AD672D4E1739040600302515 /* Cocoa.framework in Frameworks */,
			);
			runOnlyForDeploymentPostprocessing = 0;
		};
/* End PBXFrameworksBuildPhase section */

/* Begin PBXGroup section */
		AD52200C17392A0000FAA2CE /* Services */ = {
			isa = PBXGroup;
			children = (
				AD52201317392F1800FAA2CE /* VLTransformationServiceVendor.h */,
				AD52201417392F1800FAA2CE /* VLTransformationServiceVendor.m */,
				AD52201D173936CD00FAA2CE /* VLCFLMLToDataFileVendor.h */,
				AD52201E173936CD00FAA2CE /* VLCFLMLToDataFileVendor.m */,
				AD52202017397B3A00FAA2CE /* VLCFLMLToKineticsVendor.h */,
				AD52202117397B3A00FAA2CE /* VLCFLMLToKineticsVendor.m */,
				AD5220231739830800FAA2CE /* VLCFLMLToSTMVendor.h */,
				AD5220241739830900FAA2CE /* VLCFLMLToSTMVendor.m */,
				AD5220261739A7C100FAA2CE /* VLCFLMLToSystemStructureArraysVendor.h */,
				AD5220271739A7C100FAA2CE /* VLCFLMLToSystemStructureArraysVendor.m */,
				AD52202C1739A93400FAA2CE /* VLCFLMLToSignalDriverVendor.h */,
				AD52202D1739A93400FAA2CE /* VLCFLMLToSignalDriverVendor.m */,
				AD52202F1739D39B00FAA2CE /* VLCFLMLToMappingMatrixVendor.h */,
				AD5220301739D39B00FAA2CE /* VLCFLMLToMappingMatrixVendor.m */,
				AD522032173A9A1300FAA2CE /* VLCFLMLToEvaluateSignalEquationsVendor.h */,
				AD522033173A9A1400FAA2CE /* VLCFLMLToEvaluateSignalEquationsVendor.m */,
				AD522035173AA01000FAA2CE /* VLCFMLToSimulationInputBufferVendor.h */,
				AD522036173AA01100FAA2CE /* VLCFMLToSimulationInputBufferVendor.m */,
			);
			name = Services;
			sourceTree = "<group>";
		};
		AD522016173935D200FAA2CE /* languages */ = {
			isa = PBXGroup;
			children = (
				AD5220171739360500FAA2CE /* VLAbstractLanguageAdaptor.h */,
				AD5220181739360500FAA2CE /* VLAbstractLanguageAdaptor.m */,
				AD52201A1739363300FAA2CE /* VLOctaveLanguageAdaptor.h */,
				AD52201B1739363300FAA2CE /* VLOctaveLanguageAdaptor.m */,
			);
			name = languages;
			sourceTree = "<group>";
		};
		AD672D411739040600302515 = {
			isa = PBXGroup;
			children = (
				AD672D531739040600302515 /* CFLGenerator */,
				AD672D4C1739040600302515 /* Frameworks */,
				AD672D4B1739040600302515 /* Products */,
			);
			sourceTree = "<group>";
		};
		AD672D4B1739040600302515 /* Products */ = {
			isa = PBXGroup;
			children = (
				AD672D4A1739040600302515 /* CFLGenerator.app */,
			);
			name = Products;
			sourceTree = "<group>";
		};
		AD672D4C1739040600302515 /* Frameworks */ = {
			isa = PBXGroup;
			children = (
				AD672D4D1739040600302515 /* Cocoa.framework */,
				AD672D4F1739040600302515 /* Other Frameworks */,
			);
			name = Frameworks;
			sourceTree = "<group>";
		};
		AD672D4F1739040600302515 /* Other Frameworks */ = {
			isa = PBXGroup;
			children = (
				AD672D501739040600302515 /* AppKit.framework */,
				AD672D511739040600302515 /* CoreData.framework */,
				AD672D521739040600302515 /* Foundation.framework */,
			);
			name = "Other Frameworks";
			sourceTree = "<group>";
		};
		AD672D531739040600302515 /* CFLGenerator */ = {
			isa = PBXGroup;
			children = (
				AD522016173935D200FAA2CE /* languages */,
				AD672D74173904AD00302515 /* Utilities */,
				AD52200C17392A0000FAA2CE /* Services */,
				AD672D6D1739042B00302515 /* Foundation */,
				AD672D5F1739040700302515 /* VLDocument.h */,
				AD672D601739040700302515 /* VLDocument.m */,
				AD672D621739040700302515 /* VLDocument.xib */,
				AD672D651739040700302515 /* MainMenu.xib */,
				AD672D541739040600302515 /* Supporting Files */,
			);
			path = CFLGenerator;
			sourceTree = "<group>";
		};
		AD672D541739040600302515 /* Supporting Files */ = {
			isa = PBXGroup;
			children = (
				AD672D551739040600302515 /* CFLGenerator-Info.plist */,
				AD672D561739040600302515 /* InfoPlist.strings */,
				AD672D591739040600302515 /* main.m */,
				AD672D5B1739040600302515 /* CFLGenerator-Prefix.pch */,
				AD672D5C1739040700302515 /* Credits.rtf */,
			);
			name = "Supporting Files";
			sourceTree = "<group>";
		};
		AD672D6D1739042B00302515 /* Foundation */ = {
			isa = PBXGroup;
			children = (
				AD672D6E1739046E00302515 /* VLCodeGenerationFoundationServer.h */,
				AD672D6F1739046E00302515 /* VLCodeGenerationFoundationServer.m */,
				AD672D711739049400302515 /* VLCodeGenerationOperation.h */,
				AD672D721739049400302515 /* VLCodeGenerationOperation.m */,
			);
			name = Foundation;
			sourceTree = "<group>";
		};
		AD672D74173904AD00302515 /* Utilities */ = {
			isa = PBXGroup;
			children = (
				AD672D75173904DE00302515 /* VLBlocksAndConstanStrings.h */,
				AD672D76173904DE00302515 /* VLBlocksAndConstanStrings.m */,
				AD52201017392B9D00FAA2CE /* VLCoreUtilitiesLib.h */,
				AD52201117392B9D00FAA2CE /* VLCoreUtilitiesLib.m */,
			);
			name = Utilities;
			sourceTree = "<group>";
		};
/* End PBXGroup section */

/* Begin PBXNativeTarget section */
		AD672D491739040600302515 /* CFLGenerator */ = {
			isa = PBXNativeTarget;
			buildConfigurationList = AD672D6A1739040700302515 /* Build configuration list for PBXNativeTarget "CFLGenerator" */;
			buildPhases = (
				AD672D461739040600302515 /* Sources */,
				AD672D471739040600302515 /* Frameworks */,
				AD672D481739040600302515 /* Resources */,
			);
			buildRules = (
			);
			dependencies = (
			);
			name = CFLGenerator;
			productName = CFLGenerator;
			productReference = AD672D4A1739040600302515 /* CFLGenerator.app */;
			productType = "com.apple.product-type.application";
		};
/* End PBXNativeTarget section */

/* Begin PBXProject section */
		AD672D421739040600302515 /* Project object */ = {
			isa = PBXProject;
			attributes = {
				CLASSPREFIX = VL;
				LastUpgradeCheck = 0460;
				ORGANIZATIONNAME = Varnerlab;
			};
			buildConfigurationList = AD672D451739040600302515 /* Build configuration list for PBXProject "CFLGenerator" */;
			compatibilityVersion = "Xcode 3.2";
			developmentRegion = English;
			hasScannedForEncodings = 0;
			knownRegions = (
				en,
			);
			mainGroup = AD672D411739040600302515;
			productRefGroup = AD672D4B1739040600302515 /* Products */;
			projectDirPath = "";
			projectRoot = "";
			targets = (
				AD672D491739040600302515 /* CFLGenerator */,
			);
		};
/* End PBXProject section */

/* Begin PBXResourcesBuildPhase section */
		AD672D481739040600302515 /* Resources */ = {
			isa = PBXResourcesBuildPhase;
			buildActionMask = 2147483647;
			files = (
				AD672D581739040600302515 /* InfoPlist.strings in Resources */,
				AD672D5E1739040700302515 /* Credits.rtf in Resources */,
				AD672D641739040700302515 /* VLDocument.xib in Resources */,
				AD672D671739040700302515 /* MainMenu.xib in Resources */,
			);
			runOnlyForDeploymentPostprocessing = 0;
		};
/* End PBXResourcesBuildPhase section */

/* Begin PBXSourcesBuildPhase section */
		AD672D461739040600302515 /* Sources */ = {
			isa = PBXSourcesBuildPhase;
			buildActionMask = 2147483647;
			files = (
				AD672D5A1739040600302515 /* main.m in Sources */,
				AD672D611739040700302515 /* VLDocument.m in Sources */,
				AD672D701739046E00302515 /* VLCodeGenerationFoundationServer.m in Sources */,
				AD672D731739049400302515 /* VLCodeGenerationOperation.m in Sources */,
				AD672D77173904DE00302515 /* VLBlocksAndConstanStrings.m in Sources */,
				AD52201217392B9D00FAA2CE /* VLCoreUtilitiesLib.m in Sources */,
				AD52201517392F1800FAA2CE /* VLTransformationServiceVendor.m in Sources */,
				AD5220191739360500FAA2CE /* VLAbstractLanguageAdaptor.m in Sources */,
				AD52201C1739363300FAA2CE /* VLOctaveLanguageAdaptor.m in Sources */,
				AD52201F173936CD00FAA2CE /* VLCFLMLToDataFileVendor.m in Sources */,
				AD52202217397B3A00FAA2CE /* VLCFLMLToKineticsVendor.m in Sources */,
				AD5220251739830900FAA2CE /* VLCFLMLToSTMVendor.m in Sources */,
				AD5220281739A7C100FAA2CE /* VLCFLMLToSystemStructureArraysVendor.m in Sources */,
				AD52202E1739A93400FAA2CE /* VLCFLMLToSignalDriverVendor.m in Sources */,
				AD5220311739D39B00FAA2CE /* VLCFLMLToMappingMatrixVendor.m in Sources */,
				AD522034173A9A1400FAA2CE /* VLCFLMLToEvaluateSignalEquationsVendor.m in Sources */,
				AD522037173AA01100FAA2CE /* VLCFMLToSimulationInputBufferVendor.m in Sources */,
			);
			runOnlyForDeploymentPostprocessing = 0;
		};
/* End PBXSourcesBuildPhase section */

/* Begin PBXVariantGroup section */
		AD672D561739040600302515 /* InfoPlist.strings */ = {
			isa = PBXVariantGroup;
			children = (
				AD672D571739040600302515 /* en */,
			);
			name = InfoPlist.strings;
			sourceTree = "<group>";
		};
		AD672D5C1739040700302515 /* Credits.rtf */ = {
			isa = PBXVariantGroup;
			children = (
				AD672D5D1739040700302515 /* en */,
			);
			name = Credits.rtf;
			sourceTree = "<group>";
		};
		AD672D621739040700302515 /* VLDocument.xib */ = {
			isa = PBXVariantGroup;
			children = (
				AD672D631739040700302515 /* en */,
			);
			name = VLDocument.xib;
			sourceTree = "<group>";
		};
		AD672D651739040700302515 /* MainMenu.xib */ = {
			isa = PBXVariantGroup;
			children = (
				AD672D661739040700302515 /* en */,
			);
			name = MainMenu.xib;
			sourceTree = "<group>";
		};
/* End PBXVariantGroup section */

/* Begin XCBuildConfiguration section */
		AD672D681739040700302515 /* Debug */ = {
			isa = XCBuildConfiguration;
			buildSettings = {
				ALWAYS_SEARCH_USER_PATHS = NO;
				ARCHS = "$(ARCHS_STANDARD_64_BIT)";
				CLANG_CXX_LANGUAGE_STANDARD = "gnu++0x";
				CLANG_CXX_LIBRARY = "libc++";
				CLANG_ENABLE_OBJC_ARC = YES;
				CLANG_WARN_CONSTANT_CONVERSION = YES;
				CLANG_WARN_EMPTY_BODY = YES;
				CLANG_WARN_ENUM_CONVERSION = YES;
				CLANG_WARN_INT_CONVERSION = YES;
				CLANG_WARN__DUPLICATE_METHOD_MATCH = YES;
				COPY_PHASE_STRIP = NO;
				GCC_C_LANGUAGE_STANDARD = gnu99;
				GCC_DYNAMIC_NO_PIC = NO;
				GCC_ENABLE_OBJC_EXCEPTIONS = YES;
				GCC_OPTIMIZATION_LEVEL = 0;
				GCC_PREPROCESSOR_DEFINITIONS = (
					"DEBUG=1",
					"$(inherited)",
				);
				GCC_SYMBOLS_PRIVATE_EXTERN = NO;
				GCC_WARN_64_TO_32_BIT_CONVERSION = YES;
				GCC_WARN_ABOUT_RETURN_TYPE = YES;
				GCC_WARN_UNINITIALIZED_AUTOS = YES;
				GCC_WARN_UNUSED_VARIABLE = YES;
				MACOSX_DEPLOYMENT_TARGET = 10.8;
				ONLY_ACTIVE_ARCH = YES;
				SDKROOT = macosx;
			};
			name = Debug;
		};
		AD672D691739040700302515 /* Release */ = {
			isa = XCBuildConfiguration;
			buildSettings = {
				ALWAYS_SEARCH_USER_PATHS = NO;
				ARCHS = "$(ARCHS_STANDARD_64_BIT)";
				CLANG_CXX_LANGUAGE_STANDARD = "gnu++0x";
				CLANG_CXX_LIBRARY = "libc++";
				CLANG_ENABLE_OBJC_ARC = YES;
				CLANG_WARN_CONSTANT_CONVERSION = YES;
				CLANG_WARN_EMPTY_BODY = YES;
				CLANG_WARN_ENUM_CONVERSION = YES;
				CLANG_WARN_INT_CONVERSION = YES;
				CLANG_WARN__DUPLICATE_METHOD_MATCH = YES;
				COPY_PHASE_STRIP = YES;
				DEBUG_INFORMATION_FORMAT = "dwarf-with-dsym";
				GCC_C_LANGUAGE_STANDARD = gnu99;
				GCC_ENABLE_OBJC_EXCEPTIONS = YES;
				GCC_WARN_64_TO_32_BIT_CONVERSION = YES;
				GCC_WARN_ABOUT_RETURN_TYPE = YES;
				GCC_WARN_UNINITIALIZED_AUTOS = YES;
				GCC_WARN_UNUSED_VARIABLE = YES;
				MACOSX_DEPLOYMENT_TARGET = 10.8;
				SDKROOT = macosx;
			};
			name = Release;
		};
		AD672D6B1739040700302515 /* Debug */ = {
			isa = XCBuildConfiguration;
			buildSettings = {
				COMBINE_HIDPI_IMAGES = YES;
				GCC_PRECOMPILE_PREFIX_HEADER = YES;
				GCC_PREFIX_HEADER = "CFLGenerator/CFLGenerator-Prefix.pch";
				INFOPLIST_FILE = "CFLGenerator/CFLGenerator-Info.plist";
				PRODUCT_NAME = "$(TARGET_NAME)";
				WRAPPER_EXTENSION = app;
			};
			name = Debug;
		};
		AD672D6C1739040700302515 /* Release */ = {
			isa = XCBuildConfiguration;
			buildSettings = {
				COMBINE_HIDPI_IMAGES = YES;
				GCC_PRECOMPILE_PREFIX_HEADER = YES;
				GCC_PREFIX_HEADER = "CFLGenerator/CFLGenerator-Prefix.pch";
				INFOPLIST_FILE = "CFLGenerator/CFLGenerator-Info.plist";
				PRODUCT_NAME = "$(TARGET_NAME)";
				WRAPPER_EXTENSION = app;
			};
			name = Release;
		};
/* End XCBuildConfiguration section */

/* Begin XCConfigurationList section */
		AD672D451739040600302515 /* Build configuration list for PBXProject "CFLGenerator" */ = {
			isa = XCConfigurationList;
			buildConfigurations = (
				AD672D681739040700302515 /* Debug */,
				AD672D691739040700302515 /* Release */,
			);
			defaultConfigurationIsVisible = 0;
			defaultConfigurationName = Release;
		};
		AD672D6A1739040700302515 /* Build configuration list for PBXNativeTarget "CFLGenerator" */ = {
			isa = XCConfigurationList;
			buildConfigurations = (
				AD672D6B1739040700302515 /* Debug */,
				AD672D6C1739040700302515 /* Release */,
			);
			defaultConfigurationIsVisible = 0;
			defaultConfigurationName = Release;
		};
/* End XCConfigurationList section */
	};
	rootObject = AD672D421739040600302515 /* Project object */;
}
